
Microsoft Visual Studio Solution File, Format Version 12.00
# Visual Studio Version 17
VisualStudioVersion = 17.10.35004.147
MinimumVisualStudioVersion = 10.0.40219.1
Project("{FAE04EC0-301F-11D3-BF4B-00C04F79EFBC}") = "db_f1", "db_f1.csproj", "{616A6E85-A030-4D60-B163-7CA5AFFC243D}"
EndProject
Global
	GlobalSection(SolutionConfigurationPlatforms) = preSolution
		Debug|Any CPU = Debug|Any CPU
		Release|Any CPU = Release|Any CPU
	EndGlobalSection
	GlobalSection(ProjectConfigurationPlatforms) = postSolution
		{616A6E85-A030-4D60-B163-7CA5AFFC243D}.Debug|Any CPU.ActiveCfg = Debug|Any CPU
		{616A6E85-A030-4D60-B163-7CA5AFFC243D}.Debug|Any CPU.Build.0 = Debug|Any CPU
		{616A6E85-A030-4D60-B163-7CA5AFFC243D}.Release|Any CPU.ActiveCfg = Release|Any CPU
		{616A6E85-A030-4D60-B163-7CA5AFFC243D}.Release|Any CPU.Build.0 = Release|Any CPU
	EndGlobalSection
	GlobalSection(SolutionProperties) = preSolution
		HideSolutionNode = FALSE
	EndGlobalSection
	GlobalSection(ExtensibilityGlobals) = postSolution
		SolutionGuid = {11118BD5-B51F-4F2C-B7AD-D7AF4C90747A}
	EndGlobalSection
EndGlobal
